{
  "name": "node",
  "lockfileVersion": 2,
  "requires": true,
  "packages": {
    "": {
      "dependencies": {
        "decamelize": "~3.1.0"
      }
    },
    "node_modules/@babel/runtime-corejs3": {
      "version": "7.18.3",
      "resolved": "https://registry.npmjs.org/@babel/runtime-corejs3/-/runtime-corejs3-7.18.3.tgz",
      "integrity": "sha512-l4ddFwrc9rnR+EJsHsh+TJ4A35YqQz/UqcjtlX2ov53hlJYG5CxtQmNZxyajwDVmCxwy++rtvGU5HazCK4W41Q==",
      "dependencies": {
        "core-js-pure": "^3.20.2",
        "regenerator-runtime": "^0.13.4"
      },
      "engines": {
        "node": ">=6.9.0"
      }
    },
    "node_modules/core-js-pure": {
      "version": "3.23.3",
      "resolved": "https://registry.npmjs.org/core-js-pure/-/core-js-pure-3.23.3.tgz",
      "integrity": "sha512-XpoouuqIj4P+GWtdyV8ZO3/u4KftkeDVMfvp+308eGMhCrA3lVDSmAxO0c6GGOcmgVlaKDrgWVMo49h2ab/TDA==",
      "hasInstallScript": true,
      "funding": {
        "type": "opencollective",
        "url": "https://opencollective.com/core-js"
      }
    },
    "node_modules/decamelize": {
      "version": "3.1.1",
      "resolved": "https://registry.npmjs.org/decamelize/-/decamelize-3.1.1.tgz",
      "integrity": "sha512-pSJTQCBDZxv8siK5p/M42ZdhThhTtx3JU/OKli0yQSKebfM9q92op6zF7krYrWVKRtsE/RwTDiZLliMV3ECkXQ==",
      "dependencies": {
        "xregexp": "^4.2.4"
      },
      "engines": {
        "node": ">=6"
      }
    },
    "node_modules/regenerator-runtime": {
      "version": "0.13.9",
      "resolved": "https://registry.npmjs.org/regenerator-runtime/-/regenerator-runtime-0.13.9.tgz",
      "integrity": "sha512-p3VT+cOEgxFsRRA9X4lkI1E+k2/CtnKtU4gcxyaCUreilL/vqI6CdZ3wxVUx3UOUg+gnUOQQcRI7BmSI656MYA=="
    },
    "node_modules/xregexp": {
      "version": "4.4.1",
      "resolved": "https://registry.npmjs.org/xregexp/-/xregexp-4.4.1.tgz",
      "integrity": "sha512-2u9HwfadaJaY9zHtRRnH6BY6CQVNQKkYm3oLtC9gJXXzfsbACg5X5e4EZZGVAH+YIfa+QA9lsFQTTe3HURF3ag==",
      "dependencies": {
        "@babel/runtime-corejs3": "^7.12.1"
      }
    }
  },
  "dependencies": {
    "@babel/runtime-corejs3": {
      "version": "7.18.3",
      "resolved": "https://registry.npmjs.org/@babel/runtime-corejs3/-/runtime-corejs3-7.18.3.tgz",
      "integrity": "sha512-l4ddFwrc9rnR+EJsHsh+TJ4A35YqQz/UqcjtlX2ov53hlJYG5CxtQmNZxyajwDVmCxwy++rtvGU5HazCK4W41Q==",
      "requires": {
        "core-js-pure": "^3.20.2",
        "regenerator-runtime": "^0.13.4"
      }
    },
    "core-js-pure": {
      "version": "3.23.3",
      "resolved": "https://registry.npmjs.org/core-js-pure/-/core-js-pure-3.23.3.tgz",
      "integrity": "sha512-XpoouuqIj4P+GWtdyV8ZO3/u4KftkeDVMfvp+308eGMhCrA3lVDSmAxO0c6GGOcmgVlaKDrgWVMo49h2ab/TDA=="
    },
    "decamelize": {
      "version": "3.1.1",
      "resolved": "https://registry.npmjs.org/decamelize/-/decamelize-3.1.1.tgz",
      "integrity": "sha512-pSJTQCBDZxv8siK5p/M42ZdhThhTtx3JU/OKli0yQSKebfM9q92op6zF7krYrWVKRtsE/RwTDiZLliMV3ECkXQ==",
      "requires": {
        "xregexp": "^4.2.4"
      }
    },
    "regenerator-runtime": {
      "version": "0.13.9",
      "resolved": "https://registry.npmjs.org/regenerator-runtime/-/regenerator-runtime-0.13.9.tgz",
      "integrity": "sha512-p3VT+cOEgxFsRRA9X4lkI1E+k2/CtnKtU4gcxyaCUreilL/vqI6CdZ3wxVUx3UOUg+gnUOQQcRI7BmSI656MYA=="
    },
    "xregexp": {
      "version": "4.4.1",
      "resolved": "https://registry.npmjs.org/xregexp/-/xregexp-4.4.1.tgz",
      "integrity": "sha512-2u9HwfadaJaY9zHtRRnH6BY6CQVNQKkYm3oLtC9gJXXzfsbACg5X5e4EZZGVAH+YIfa+QA9lsFQTTe3HURF3ag==",
      "requires": {
        "@babel/runtime-corejs3": "^7.12.1"
      }
    }
  }
}
